// !$*UTF8*$!
{
	archiveVersion = 1;
	classes = {
	};
	objectVersion = 51;
	objects = {

/* Begin PBXBuildFile section */
		30151BC323F1D618002A7F33 /* SocialApp.swift in Sources */ = {isa = PBXBuildFile; fileRef = 30151BC223F1D618002A7F33 /* SocialApp.swift */; };
		30243B8323E3F04A00C04179 /* SearchResult.swift in Sources */ = {isa = PBXBuildFile; fileRef = 30243B8223E3F04A00C04179 /* SearchResult.swift */; };
		30243B8623E3FD5E00C04179 /* Service.swift in Sources */ = {isa = PBXBuildFile; fileRef = 30243B8523E3FD5E00C04179 /* Service.swift */; };
		303D47F223DF59910013ED7E /* UIView+Layout.swift in Sources */ = {isa = PBXBuildFile; fileRef = 303D47F123DF59910013ED7E /* UIView+Layout.swift */; };
		305A86F623ED1A38006E5ACF /* Extensions.swift in Sources */ = {isa = PBXBuildFile; fileRef = 305A86F523ED1A38006E5ACF /* Extensions.swift */; };
		305A86F823ED1C02006E5ACF /* AppRowCell.swift in Sources */ = {isa = PBXBuildFile; fileRef = 305A86F723ED1C02006E5ACF /* AppRowCell.swift */; };
		305A86FC23ED2C65006E5ACF /* AppsHeaderHorizontalController.swift in Sources */ = {isa = PBXBuildFile; fileRef = 305A86FB23ED2C65006E5ACF /* AppsHeaderHorizontalController.swift */; };
		305A86FE23ED2C8A006E5ACF /* AppsHeaderCell.swift in Sources */ = {isa = PBXBuildFile; fileRef = 305A86FD23ED2C8A006E5ACF /* AppsHeaderCell.swift */; };
		305A870023ED2CBC006E5ACF /* AppsPageHeader.swift in Sources */ = {isa = PBXBuildFile; fileRef = 305A86FF23ED2CBC006E5ACF /* AppsPageHeader.swift */; };
		305A870523ED48E8006E5ACF /* AppGroup.swift in Sources */ = {isa = PBXBuildFile; fileRef = 305A870423ED48E8006E5ACF /* AppGroup.swift */; };
		307F3F6023DAB26F0058FB15 /* AppDelegate.swift in Sources */ = {isa = PBXBuildFile; fileRef = 307F3F5F23DAB26F0058FB15 /* AppDelegate.swift */; };
		307F3F6223DAB26F0058FB15 /* SceneDelegate.swift in Sources */ = {isa = PBXBuildFile; fileRef = 307F3F6123DAB26F0058FB15 /* SceneDelegate.swift */; };
		307F3F6423DAB26F0058FB15 /* ViewController.swift in Sources */ = {isa = PBXBuildFile; fileRef = 307F3F6323DAB26F0058FB15 /* ViewController.swift */; };
		307F3F6723DAB26F0058FB15 /* Main.storyboard in Resources */ = {isa = PBXBuildFile; fileRef = 307F3F6523DAB26F0058FB15 /* Main.storyboard */; };
		307F3F6923DAB2700058FB15 /* Assets.xcassets in Resources */ = {isa = PBXBuildFile; fileRef = 307F3F6823DAB2700058FB15 /* Assets.xcassets */; };
		307F3F6C23DAB2700058FB15 /* LaunchScreen.storyboard in Resources */ = {isa = PBXBuildFile; fileRef = 307F3F6A23DAB2700058FB15 /* LaunchScreen.storyboard */; };
		307F3F7523DAB5290058FB15 /* BaseTabBarController.swift in Sources */ = {isa = PBXBuildFile; fileRef = 307F3F7423DAB5290058FB15 /* BaseTabBarController.swift */; };
		307F3F7823DADAE30058FB15 /* SearchAppController.swift in Sources */ = {isa = PBXBuildFile; fileRef = 307F3F7723DADAE30058FB15 /* SearchAppController.swift */; };
		3099D8F223F7B1B000B2A487 /* AppDetailsController.swift in Sources */ = {isa = PBXBuildFile; fileRef = 3099D8F123F7B1B000B2A487 /* AppDetailsController.swift */; };
		30DDD43123DF67A800B43B0B /* VerticalStackView.swift in Sources */ = {isa = PBXBuildFile; fileRef = 30DDD43023DF67A800B43B0B /* VerticalStackView.swift */; };
		30EED40B23E89B5400728F98 /* BaseListController.swift in Sources */ = {isa = PBXBuildFile; fileRef = 30EED40A23E89B5400728F98 /* BaseListController.swift */; };
		30EED40D23E89C1F00728F98 /* AppsPageController.swift in Sources */ = {isa = PBXBuildFile; fileRef = 30EED40C23E89C1F00728F98 /* AppsPageController.swift */; };
		30EED40F23E89F9400728F98 /* AppsGroupCell.swift in Sources */ = {isa = PBXBuildFile; fileRef = 30EED40E23E89F9400728F98 /* AppsGroupCell.swift */; };
		30EED41123E8A40E00728F98 /* AppsHorizontalController.swift in Sources */ = {isa = PBXBuildFile; fileRef = 30EED41023E8A40E00728F98 /* AppsHorizontalController.swift */; };
		30F6872E23DC74F000A257F4 /* SearchResultCell.swift in Sources */ = {isa = PBXBuildFile; fileRef = 30F6872D23DC74F000A257F4 /* SearchResultCell.swift */; };
		30F84EA423F670AE00B35BDF /* HorizontalSnappingController.swift in Sources */ = {isa = PBXBuildFile; fileRef = 30F84EA323F670AE00B35BDF /* HorizontalSnappingController.swift */; };
		30F84EA623F67F7000B35BDF /* BetterSnapingLayout.swift in Sources */ = {isa = PBXBuildFile; fileRef = 30F84EA523F67F7000B35BDF /* BetterSnapingLayout.swift */; };
		75BC7C1327220BC3030365D6 /* Pods_MIF50AppStore.framework in Frameworks */ = {isa = PBXBuildFile; fileRef = CE1F2242600464F5D1BEE26C /* Pods_MIF50AppStore.framework */; };
/* End PBXBuildFile section */

/* Begin PBXFileReference section */
		30151BC223F1D618002A7F33 /* SocialApp.swift */ = {isa = PBXFileReference; lastKnownFileType = sourcecode.swift; path = SocialApp.swift; sourceTree = "<group>"; };
		30243B8223E3F04A00C04179 /* SearchResult.swift */ = {isa = PBXFileReference; lastKnownFileType = sourcecode.swift; path = SearchResult.swift; sourceTree = "<group>"; };
		30243B8523E3FD5E00C04179 /* Service.swift */ = {isa = PBXFileReference; lastKnownFileType = sourcecode.swift; path = Service.swift; sourceTree = "<group>"; };
		303D47F123DF59910013ED7E /* UIView+Layout.swift */ = {isa = PBXFileReference; fileEncoding = 4; lastKnownFileType = sourcecode.swift; path = "UIView+Layout.swift"; sourceTree = "<group>"; };
		305A86F523ED1A38006E5ACF /* Extensions.swift */ = {isa = PBXFileReference; lastKnownFileType = sourcecode.swift; path = Extensions.swift; sourceTree = "<group>"; };
		305A86F723ED1C02006E5ACF /* AppRowCell.swift */ = {isa = PBXFileReference; lastKnownFileType = sourcecode.swift; path = AppRowCell.swift; sourceTree = "<group>"; };
		305A86FB23ED2C65006E5ACF /* AppsHeaderHorizontalController.swift */ = {isa = PBXFileReference; lastKnownFileType = sourcecode.swift; path = AppsHeaderHorizontalController.swift; sourceTree = "<group>"; };
		305A86FD23ED2C8A006E5ACF /* AppsHeaderCell.swift */ = {isa = PBXFileReference; lastKnownFileType = sourcecode.swift; path = AppsHeaderCell.swift; sourceTree = "<group>"; };
		305A86FF23ED2CBC006E5ACF /* AppsPageHeader.swift */ = {isa = PBXFileReference; lastKnownFileType = sourcecode.swift; path = AppsPageHeader.swift; sourceTree = "<group>"; };
		305A870423ED48E8006E5ACF /* AppGroup.swift */ = {isa = PBXFileReference; lastKnownFileType = sourcecode.swift; path = AppGroup.swift; sourceTree = "<group>"; };
		307F3F5C23DAB26F0058FB15 /* MIF50AppStore.app */ = {isa = PBXFileReference; explicitFileType = wrapper.application; includeInIndex = 0; path = MIF50AppStore.app; sourceTree = BUILT_PRODUCTS_DIR; };
		307F3F5F23DAB26F0058FB15 /* AppDelegate.swift */ = {isa = PBXFileReference; lastKnownFileType = sourcecode.swift; path = AppDelegate.swift; sourceTree = "<group>"; };
		307F3F6123DAB26F0058FB15 /* SceneDelegate.swift */ = {isa = PBXFileReference; lastKnownFileType = sourcecode.swift; path = SceneDelegate.swift; sourceTree = "<group>"; };
		307F3F6323DAB26F0058FB15 /* ViewController.swift */ = {isa = PBXFileReference; lastKnownFileType = sourcecode.swift; path = ViewController.swift; sourceTree = "<group>"; };
		307F3F6623DAB26F0058FB15 /* Base */ = {isa = PBXFileReference; lastKnownFileType = file.storyboard; name = Base; path = Base.lproj/Main.storyboard; sourceTree = "<group>"; };
		307F3F6823DAB2700058FB15 /* Assets.xcassets */ = {isa = PBXFileReference; lastKnownFileType = folder.assetcatalog; path = Assets.xcassets; sourceTree = "<group>"; };
		307F3F6B23DAB2700058FB15 /* Base */ = {isa = PBXFileReference; lastKnownFileType = file.storyboard; name = Base; path = Base.lproj/LaunchScreen.storyboard; sourceTree = "<group>"; };
		307F3F6D23DAB2700058FB15 /* Info.plist */ = {isa = PBXFileReference; lastKnownFileType = text.plist.xml; path = Info.plist; sourceTree = "<group>"; };
		307F3F7423DAB5290058FB15 /* BaseTabBarController.swift */ = {isa = PBXFileReference; lastKnownFileType = sourcecode.swift; path = BaseTabBarController.swift; sourceTree = "<group>"; };
		307F3F7723DADAE30058FB15 /* SearchAppController.swift */ = {isa = PBXFileReference; lastKnownFileType = sourcecode.swift; path = SearchAppController.swift; sourceTree = "<group>"; };
		3099D8F123F7B1B000B2A487 /* AppDetailsController.swift */ = {isa = PBXFileReference; lastKnownFileType = sourcecode.swift; path = AppDetailsController.swift; sourceTree = "<group>"; };
		30DDD43023DF67A800B43B0B /* VerticalStackView.swift */ = {isa = PBXFileReference; lastKnownFileType = sourcecode.swift; path = VerticalStackView.swift; sourceTree = "<group>"; };
		30EED40A23E89B5400728F98 /* BaseListController.swift */ = {isa = PBXFileReference; lastKnownFileType = sourcecode.swift; path = BaseListController.swift; sourceTree = "<group>"; };
		30EED40C23E89C1F00728F98 /* AppsPageController.swift */ = {isa = PBXFileReference; lastKnownFileType = sourcecode.swift; path = AppsPageController.swift; sourceTree = "<group>"; };
		30EED40E23E89F9400728F98 /* AppsGroupCell.swift */ = {isa = PBXFileReference; lastKnownFileType = sourcecode.swift; path = AppsGroupCell.swift; sourceTree = "<group>"; };
		30EED41023E8A40E00728F98 /* AppsHorizontalController.swift */ = {isa = PBXFileReference; lastKnownFileType = sourcecode.swift; path = AppsHorizontalController.swift; sourceTree = "<group>"; };
		30F6872D23DC74F000A257F4 /* SearchResultCell.swift */ = {isa = PBXFileReference; lastKnownFileType = sourcecode.swift; path = SearchResultCell.swift; sourceTree = "<group>"; };
		30F84EA323F670AE00B35BDF /* HorizontalSnappingController.swift */ = {isa = PBXFileReference; lastKnownFileType = sourcecode.swift; path = HorizontalSnappingController.swift; sourceTree = "<group>"; };
		30F84EA523F67F7000B35BDF /* BetterSnapingLayout.swift */ = {isa = PBXFileReference; lastKnownFileType = sourcecode.swift; path = BetterSnapingLayout.swift; sourceTree = "<group>"; };
		5E9E6815299DDA84CE7A1926 /* Pods-MIF50AppStore.release.xcconfig */ = {isa = PBXFileReference; includeInIndex = 1; lastKnownFileType = text.xcconfig; name = "Pods-MIF50AppStore.release.xcconfig"; path = "Target Support Files/Pods-MIF50AppStore/Pods-MIF50AppStore.release.xcconfig"; sourceTree = "<group>"; };
		785D6BCCC28839B6CC825B7A /* Pods-MIF50AppStore.debug.xcconfig */ = {isa = PBXFileReference; includeInIndex = 1; lastKnownFileType = text.xcconfig; name = "Pods-MIF50AppStore.debug.xcconfig"; path = "Target Support Files/Pods-MIF50AppStore/Pods-MIF50AppStore.debug.xcconfig"; sourceTree = "<group>"; };
		CE1F2242600464F5D1BEE26C /* Pods_MIF50AppStore.framework */ = {isa = PBXFileReference; explicitFileType = wrapper.framework; includeInIndex = 0; path = Pods_MIF50AppStore.framework; sourceTree = BUILT_PRODUCTS_DIR; };
/* End PBXFileReference section */

/* Begin PBXFrameworksBuildPhase section */
		307F3F5923DAB26F0058FB15 /* Frameworks */ = {
			isa = PBXFrameworksBuildPhase;
			buildActionMask = 2147483647;
			files = (
				75BC7C1327220BC3030365D6 /* Pods_MIF50AppStore.framework in Frameworks */,
			);
			runOnlyForDeploymentPostprocessing = 0;
		};
/* End PBXFrameworksBuildPhase section */

/* Begin PBXGroup section */
		30243B8123E3F03000C04179 /* Model */ = {
			isa = PBXGroup;
			children = (
				305A870323ED48C4006E5ACF /* Apps */,
				305A870223ED48BC006E5ACF /* Search */,
			);
			name = Model;
			sourceTree = "<group>";
		};
		30243B8423E3FD4300C04179 /* Service */ = {
			isa = PBXGroup;
			children = (
				30243B8523E3FD5E00C04179 /* Service.swift */,
			);
			name = Service;
			sourceTree = "<group>";
		};
		303D47F023DF597D0013ED7E /* Helpers */ = {
			isa = PBXGroup;
			children = (
				303D47F123DF59910013ED7E /* UIView+Layout.swift */,
				30DDD43023DF67A800B43B0B /* VerticalStackView.swift */,
				305A86F523ED1A38006E5ACF /* Extensions.swift */,
				30F84EA523F67F7000B35BDF /* BetterSnapingLayout.swift */,
			);
			name = Helpers;
			sourceTree = "<group>";
		};
		305A86F923ED2C20006E5ACF /* Search */ = {
			isa = PBXGroup;
			children = (
				30F6872D23DC74F000A257F4 /* SearchResultCell.swift */,
			);
			name = Search;
			sourceTree = "<group>";
		};
		305A86FA23ED2C2C006E5ACF /* Apps */ = {
			isa = PBXGroup;
			children = (
				305A86F723ED1C02006E5ACF /* AppRowCell.swift */,
				30EED40E23E89F9400728F98 /* AppsGroupCell.swift */,
				305A86FD23ED2C8A006E5ACF /* AppsHeaderCell.swift */,
				305A86FF23ED2CBC006E5ACF /* AppsPageHeader.swift */,
			);
			name = Apps;
			sourceTree = "<group>";
		};
		305A870123ED2E98006E5ACF /* Base */ = {
			isa = PBXGroup;
			children = (
				30EED40A23E89B5400728F98 /* BaseListController.swift */,
				307F3F7423DAB5290058FB15 /* BaseTabBarController.swift */,
				30F84EA323F670AE00B35BDF /* HorizontalSnappingController.swift */,
			);
			name = Base;
			sourceTree = "<group>";
		};
		305A870223ED48BC006E5ACF /* Search */ = {
			isa = PBXGroup;
			children = (
				30243B8223E3F04A00C04179 /* SearchResult.swift */,
			);
			name = Search;
			sourceTree = "<group>";
		};
		305A870323ED48C4006E5ACF /* Apps */ = {
			isa = PBXGroup;
			children = (
				305A870423ED48E8006E5ACF /* AppGroup.swift */,
				30151BC223F1D618002A7F33 /* SocialApp.swift */,
			);
			name = Apps;
			sourceTree = "<group>";
		};
		307F3F5323DAB26F0058FB15 = {
			isa = PBXGroup;
			children = (
				307F3F5E23DAB26F0058FB15 /* MIF50AppStore */,
				307F3F5D23DAB26F0058FB15 /* Products */,
				CA6E83E183C9178627549368 /* Pods */,
				6BC85EF6DA174BC6C571CC45 /* Frameworks */,
			);
			sourceTree = "<group>";
		};
		307F3F5D23DAB26F0058FB15 /* Products */ = {
			isa = PBXGroup;
			children = (
				307F3F5C23DAB26F0058FB15 /* MIF50AppStore.app */,
			);
			name = Products;
			sourceTree = "<group>";
		};
		307F3F5E23DAB26F0058FB15 /* MIF50AppStore */ = {
			isa = PBXGroup;
			children = (
				30243B8423E3FD4300C04179 /* Service */,
				30243B8123E3F03000C04179 /* Model */,
				303D47F023DF597D0013ED7E /* Helpers */,
				30F6872B23DC74A000A257F4 /* Views */,
				307F3F7623DADA650058FB15 /* Controllers */,
				307F3F7323DAB2F80058FB15 /* Supporting Files */,
				307F3F6323DAB26F0058FB15 /* ViewController.swift */,
				307F3F6523DAB26F0058FB15 /* Main.storyboard */,
				307F3F6823DAB2700058FB15 /* Assets.xcassets */,
				307F3F6D23DAB2700058FB15 /* Info.plist */,
			);
			path = MIF50AppStore;
			sourceTree = "<group>";
		};
		307F3F7323DAB2F80058FB15 /* Supporting Files */ = {
			isa = PBXGroup;
			children = (
				307F3F6A23DAB2700058FB15 /* LaunchScreen.storyboard */,
				307F3F5F23DAB26F0058FB15 /* AppDelegate.swift */,
				307F3F6123DAB26F0058FB15 /* SceneDelegate.swift */,
			);
			name = "Supporting Files";
			sourceTree = "<group>";
		};
		307F3F7623DADA650058FB15 /* Controllers */ = {
			isa = PBXGroup;
			children = (
				305A870123ED2E98006E5ACF /* Base */,
				307F3F7B23DADBD00058FB15 /* Today */,
				307F3F7A23DADBC80058FB15 /* Apps */,
				307F3F7923DADBBF0058FB15 /* Search */,
			);
			name = Controllers;
			sourceTree = "<group>";
		};
		307F3F7923DADBBF0058FB15 /* Search */ = {
			isa = PBXGroup;
			children = (
				307F3F7723DADAE30058FB15 /* SearchAppController.swift */,
			);
			name = Search;
			sourceTree = "<group>";
		};
		307F3F7A23DADBC80058FB15 /* Apps */ = {
			isa = PBXGroup;
			children = (
				3099D8F023F7B18C00B2A487 /* Details */,
				30EED40C23E89C1F00728F98 /* AppsPageController.swift */,
				30EED41023E8A40E00728F98 /* AppsHorizontalController.swift */,
				305A86FB23ED2C65006E5ACF /* AppsHeaderHorizontalController.swift */,
			);
			name = Apps;
			sourceTree = "<group>";
		};
		307F3F7B23DADBD00058FB15 /* Today */ = {
			isa = PBXGroup;
			children = (
			);
			name = Today;
			sourceTree = "<group>";
		};
		3099D8F023F7B18C00B2A487 /* Details */ = {
			isa = PBXGroup;
			children = (
				3099D8F123F7B1B000B2A487 /* AppDetailsController.swift */,
			);
			name = Details;
			sourceTree = "<group>";
		};
		30F6872B23DC74A000A257F4 /* Views */ = {
			isa = PBXGroup;
			children = (
				30F6872C23DC74AD00A257F4 /* Reusable */,
			);
			name = Views;
			sourceTree = "<group>";
		};
		30F6872C23DC74AD00A257F4 /* Reusable */ = {
			isa = PBXGroup;
			children = (
				305A86FA23ED2C2C006E5ACF /* Apps */,
				305A86F923ED2C20006E5ACF /* Search */,
			);
			name = Reusable;
			sourceTree = "<group>";
		};
		6BC85EF6DA174BC6C571CC45 /* Frameworks */ = {
			isa = PBXGroup;
			children = (
				CE1F2242600464F5D1BEE26C /* Pods_MIF50AppStore.framework */,
			);
			name = Frameworks;
			sourceTree = "<group>";
		};
		CA6E83E183C9178627549368 /* Pods */ = {
			isa = PBXGroup;
			children = (
				785D6BCCC28839B6CC825B7A /* Pods-MIF50AppStore.debug.xcconfig */,
				5E9E6815299DDA84CE7A1926 /* Pods-MIF50AppStore.release.xcconfig */,
			);
			path = Pods;
			sourceTree = "<group>";
		};
/* End PBXGroup section */

/* Begin PBXNativeTarget section */
		307F3F5B23DAB26F0058FB15 /* MIF50AppStore */ = {
			isa = PBXNativeTarget;
			buildConfigurationList = 307F3F7023DAB2700058FB15 /* Build configuration list for PBXNativeTarget "MIF50AppStore" */;
			buildPhases = (
				B18C21136474B259B736F7F9 /* [CP] Check Pods Manifest.lock */,
				307F3F5823DAB26F0058FB15 /* Sources */,
				307F3F5923DAB26F0058FB15 /* Frameworks */,
				307F3F5A23DAB26F0058FB15 /* Resources */,
				4FA24E77865F7C4DA3D9D75A /* [CP] Embed Pods Frameworks */,
			);
			buildRules = (
			);
			dependencies = (
			);
			name = MIF50AppStore;
			productName = MIF50AppStore;
			productReference = 307F3F5C23DAB26F0058FB15 /* MIF50AppStore.app */;
			productType = "com.apple.product-type.application";
		};
/* End PBXNativeTarget section */

/* Begin PBXProject section */
		307F3F5423DAB26F0058FB15 /* Project object */ = {
			isa = PBXProject;
			attributes = {
				LastSwiftUpdateCheck = 1130;
				LastUpgradeCheck = 1130;
				ORGANIZATIONNAME = MIF50;
				TargetAttributes = {
					307F3F5B23DAB26F0058FB15 = {
						CreatedOnToolsVersion = 11.3.1;
					};
				};
			};
			buildConfigurationList = 307F3F5723DAB26F0058FB15 /* Build configuration list for PBXProject "MIF50AppStore" */;
			compatibilityVersion = "Xcode 9.3";
			developmentRegion = en;
			hasScannedForEncodings = 0;
			knownRegions = (
				en,
				Base,
			);
			mainGroup = 307F3F5323DAB26F0058FB15;
			productRefGroup = 307F3F5D23DAB26F0058FB15 /* Products */;
			projectDirPath = "";
			projectRoot = "";
			targets = (
				307F3F5B23DAB26F0058FB15 /* MIF50AppStore */,
			);
		};
/* End PBXProject section */

/* Begin PBXResourcesBuildPhase section */
		307F3F5A23DAB26F0058FB15 /* Resources */ = {
			isa = PBXResourcesBuildPhase;
			buildActionMask = 2147483647;
			files = (
				307F3F6C23DAB2700058FB15 /* LaunchScreen.storyboard in Resources */,
				307F3F6923DAB2700058FB15 /* Assets.xcassets in Resources */,
				307F3F6723DAB26F0058FB15 /* Main.storyboard in Resources */,
			);
			runOnlyForDeploymentPostprocessing = 0;
		};
/* End PBXResourcesBuildPhase section */

/* Begin PBXShellScriptBuildPhase section */
		4FA24E77865F7C4DA3D9D75A /* [CP] Embed Pods Frameworks */ = {
			isa = PBXShellScriptBuildPhase;
			buildActionMask = 2147483647;
			files = (
			);
			inputFileListPaths = (
				"${PODS_ROOT}/Target Support Files/Pods-MIF50AppStore/Pods-MIF50AppStore-frameworks-${CONFIGURATION}-input-files.xcfilelist",
			);
			name = "[CP] Embed Pods Frameworks";
			outputFileListPaths = (
				"${PODS_ROOT}/Target Support Files/Pods-MIF50AppStore/Pods-MIF50AppStore-frameworks-${CONFIGURATION}-output-files.xcfilelist",
			);
			runOnlyForDeploymentPostprocessing = 0;
			shellPath = /bin/sh;
			shellScript = "\"${PODS_ROOT}/Target Support Files/Pods-MIF50AppStore/Pods-MIF50AppStore-frameworks.sh\"\n";
			showEnvVarsInLog = 0;
		};
		B18C21136474B259B736F7F9 /* [CP] Check Pods Manifest.lock */ = {
			isa = PBXShellScriptBuildPhase;
			buildActionMask = 2147483647;
			files = (
			);
			inputFileListPaths = (
			);
			inputPaths = (
				"${PODS_PODFILE_DIR_PATH}/Podfile.lock",
				"${PODS_ROOT}/Manifest.lock",
			);
			name = "[CP] Check Pods Manifest.lock";
			outputFileListPaths = (
			);
			outputPaths = (
				"$(DERIVED_FILE_DIR)/Pods-MIF50AppStore-checkManifestLockResult.txt",
			);
			runOnlyForDeploymentPostprocessing = 0;
			shellPath = /bin/sh;
			shellScript = "diff \"${PODS_PODFILE_DIR_PATH}/Podfile.lock\" \"${PODS_ROOT}/Manifest.lock\" > /dev/null\nif [ $? != 0 ] ; then\n    # print error to STDERR\n    echo \"error: The sandbox is not in sync with the Podfile.lock. Run 'pod install' or update your CocoaPods installation.\" >&2\n    exit 1\nfi\n# This output is used by Xcode 'outputs' to avoid re-running this script phase.\necho \"SUCCESS\" > \"${SCRIPT_OUTPUT_FILE_0}\"\n";
			showEnvVarsInLog = 0;
		};
/* End PBXShellScriptBuildPhase section */

/* Begin PBXSourcesBuildPhase section */
		307F3F5823DAB26F0058FB15 /* Sources */ = {
			isa = PBXSourcesBuildPhase;
			buildActionMask = 2147483647;
			files = (
				3099D8F223F7B1B000B2A487 /* AppDetailsController.swift in Sources */,
				307F3F7523DAB5290058FB15 /* BaseTabBarController.swift in Sources */,
				30151BC323F1D618002A7F33 /* SocialApp.swift in Sources */,
				30243B8323E3F04A00C04179 /* SearchResult.swift in Sources */,
				307F3F6423DAB26F0058FB15 /* ViewController.swift in Sources */,
				307F3F7823DADAE30058FB15 /* SearchAppController.swift in Sources */,
				305A86FE23ED2C8A006E5ACF /* AppsHeaderCell.swift in Sources */,
				30F84EA623F67F7000B35BDF /* BetterSnapingLayout.swift in Sources */,
				305A870023ED2CBC006E5ACF /* AppsPageHeader.swift in Sources */,
				305A86F823ED1C02006E5ACF /* AppRowCell.swift in Sources */,
				307F3F6023DAB26F0058FB15 /* AppDelegate.swift in Sources */,
				30F84EA423F670AE00B35BDF /* HorizontalSnappingController.swift in Sources */,
				30EED40B23E89B5400728F98 /* BaseListController.swift in Sources */,
				30EED40F23E89F9400728F98 /* AppsGroupCell.swift in Sources */,
				30F6872E23DC74F000A257F4 /* SearchResultCell.swift in Sources */,
				30DDD43123DF67A800B43B0B /* VerticalStackView.swift in Sources */,
				30243B8623E3FD5E00C04179 /* Service.swift in Sources */,
				305A86F623ED1A38006E5ACF /* Extensions.swift in Sources */,
				303D47F223DF59910013ED7E /* UIView+Layout.swift in Sources */,
				305A870523ED48E8006E5ACF /* AppGroup.swift in Sources */,
				307F3F6223DAB26F0058FB15 /* SceneDelegate.swift in Sources */,
				30EED40D23E89C1F00728F98 /* AppsPageController.swift in Sources */,
				30EED41123E8A40E00728F98 /* AppsHorizontalController.swift in Sources */,
				305A86FC23ED2C65006E5ACF /* AppsHeaderHorizontalController.swift in Sources */,
			);
			runOnlyForDeploymentPostprocessing = 0;
		};
/* End PBXSourcesBuildPhase section */

/* Begin PBXVariantGroup section */
		307F3F6523DAB26F0058FB15 /* Main.storyboard */ = {
			isa = PBXVariantGroup;
			children = (
				307F3F6623DAB26F0058FB15 /* Base */,
			);
			name = Main.storyboard;
			sourceTree = "<group>";
		};
		307F3F6A23DAB2700058FB15 /* LaunchScreen.storyboard */ = {
			isa = PBXVariantGroup;
			children = (
				307F3F6B23DAB2700058FB15 /* Base */,
			);
			name = LaunchScreen.storyboard;
			sourceTree = "<group>";
		};
/* End PBXVariantGroup section */

/* Begin XCBuildConfiguration section */
		307F3F6E23DAB2700058FB15 /* Debug */ = {
			isa = XCBuildConfiguration;
			buildSettings = {
				ALWAYS_EMBED_SWIFT_STANDARD_LIBRARIES = NO;
				ALWAYS_SEARCH_USER_PATHS = NO;
				CLANG_ANALYZER_NONNULL = YES;
				CLANG_ANALYZER_NUMBER_OBJECT_CONVERSION = YES_AGGRESSIVE;
				CLANG_CXX_LANGUAGE_STANDARD = "gnu++14";
				CLANG_CXX_LIBRARY = "libc++";
				CLANG_ENABLE_MODULES = YES;
				CLANG_ENABLE_OBJC_ARC = YES;
				CLANG_ENABLE_OBJC_WEAK = YES;
				CLANG_WARN_BLOCK_CAPTURE_AUTORELEASING = YES;
				CLANG_WARN_BOOL_CONVERSION = YES;
				CLANG_WARN_COMMA = YES;
				CLANG_WARN_CONSTANT_CONVERSION = YES;
				CLANG_WARN_DEPRECATED_OBJC_IMPLEMENTATIONS = YES;
				CLANG_WARN_DIRECT_OBJC_ISA_USAGE = YES_ERROR;
				CLANG_WARN_DOCUMENTATION_COMMENTS = YES;
				CLANG_WARN_EMPTY_BODY = YES;
				CLANG_WARN_ENUM_CONVERSION = YES;
				CLANG_WARN_INFINITE_RECURSION = YES;
				CLANG_WARN_INT_CONVERSION = YES;
				CLANG_WARN_NON_LITERAL_NULL_CONVERSION = YES;
				CLANG_WARN_OBJC_IMPLICIT_RETAIN_SELF = YES;
				CLANG_WARN_OBJC_LITERAL_CONVERSION = YES;
				CLANG_WARN_OBJC_ROOT_CLASS = YES_ERROR;
				CLANG_WARN_RANGE_LOOP_ANALYSIS = YES;
				CLANG_WARN_STRICT_PROTOTYPES = YES;
				CLANG_WARN_SUSPICIOUS_MOVE = YES;
				CLANG_WARN_UNGUARDED_AVAILABILITY = YES_AGGRESSIVE;
				CLANG_WARN_UNREACHABLE_CODE = YES;
				CLANG_WARN__DUPLICATE_METHOD_MATCH = YES;
				COPY_PHASE_STRIP = NO;
				DEBUG_INFORMATION_FORMAT = dwarf;
				ENABLE_STRICT_OBJC_MSGSEND = YES;
				ENABLE_TESTABILITY = YES;
				GCC_C_LANGUAGE_STANDARD = gnu11;
				GCC_DYNAMIC_NO_PIC = NO;
				GCC_NO_COMMON_BLOCKS = YES;
				GCC_OPTIMIZATION_LEVEL = 0;
				GCC_PREPROCESSOR_DEFINITIONS = (
					"DEBUG=1",
					"$(inherited)",
				);
				GCC_WARN_64_TO_32_BIT_CONVERSION = YES;
				GCC_WARN_ABOUT_RETURN_TYPE = YES_ERROR;
				GCC_WARN_UNDECLARED_SELECTOR = YES;
				GCC_WARN_UNINITIALIZED_AUTOS = YES_AGGRESSIVE;
				GCC_WARN_UNUSED_FUNCTION = YES;
				GCC_WARN_UNUSED_VARIABLE = YES;
				IPHONEOS_DEPLOYMENT_TARGET = 12.4;
				MTL_ENABLE_DEBUG_INFO = INCLUDE_SOURCE;
				MTL_FAST_MATH = YES;
				ONLY_ACTIVE_ARCH = YES;
				SDKROOT = iphoneos;
				SWIFT_ACTIVE_COMPILATION_CONDITIONS = DEBUG;
				SWIFT_OPTIMIZATION_LEVEL = "-Onone";
			};
			name = Debug;
		};
		307F3F6F23DAB2700058FB15 /* Release */ = {
			isa = XCBuildConfiguration;
			buildSettings = {
				ALWAYS_EMBED_SWIFT_STANDARD_LIBRARIES = NO;
				ALWAYS_SEARCH_USER_PATHS = NO;
				CLANG_ANALYZER_NONNULL = YES;
				CLANG_ANALYZER_NUMBER_OBJECT_CONVERSION = YES_AGGRESSIVE;
				CLANG_CXX_LANGUAGE_STANDARD = "gnu++14";
				CLANG_CXX_LIBRARY = "libc++";
				CLANG_ENABLE_MODULES = YES;
				CLANG_ENABLE_OBJC_ARC = YES;
				CLANG_ENABLE_OBJC_WEAK = YES;
				CLANG_WARN_BLOCK_CAPTURE_AUTORELEASING = YES;
				CLANG_WARN_BOOL_CONVERSION = YES;
				CLANG_WARN_COMMA = YES;
				CLANG_WARN_CONSTANT_CONVERSION = YES;
				CLANG_WARN_DEPRECATED_OBJC_IMPLEMENTATIONS = YES;
				CLANG_WARN_DIRECT_OBJC_ISA_USAGE = YES_ERROR;
				CLANG_WARN_DOCUMENTATION_COMMENTS = YES;
				CLANG_WARN_EMPTY_BODY = YES;
				CLANG_WARN_ENUM_CONVERSION = YES;
				CLANG_WARN_INFINITE_RECURSION = YES;
				CLANG_WARN_INT_CONVERSION = YES;
				CLANG_WARN_NON_LITERAL_NULL_CONVERSION = YES;
				CLANG_WARN_OBJC_IMPLICIT_RETAIN_SELF = YES;
				CLANG_WARN_OBJC_LITERAL_CONVERSION = YES;
				CLANG_WARN_OBJC_ROOT_CLASS = YES_ERROR;
				CLANG_WARN_RANGE_LOOP_ANALYSIS = YES;
				CLANG_WARN_STRICT_PROTOTYPES = YES;
				CLANG_WARN_SUSPICIOUS_MOVE = YES;
				CLANG_WARN_UNGUARDED_AVAILABILITY = YES_AGGRESSIVE;
				CLANG_WARN_UNREACHABLE_CODE = YES;
				CLANG_WARN__DUPLICATE_METHOD_MATCH = YES;
				COPY_PHASE_STRIP = NO;
				DEBUG_INFORMATION_FORMAT = "dwarf-with-dsym";
				ENABLE_NS_ASSERTIONS = NO;
				ENABLE_STRICT_OBJC_MSGSEND = YES;
				GCC_C_LANGUAGE_STANDARD = gnu11;
				GCC_NO_COMMON_BLOCKS = YES;
				GCC_WARN_64_TO_32_BIT_CONVERSION = YES;
				GCC_WARN_ABOUT_RETURN_TYPE = YES_ERROR;
				GCC_WARN_UNDECLARED_SELECTOR = YES;
				GCC_WARN_UNINITIALIZED_AUTOS = YES_AGGRESSIVE;
				GCC_WARN_UNUSED_FUNCTION = YES;
				GCC_WARN_UNUSED_VARIABLE = YES;
				IPHONEOS_DEPLOYMENT_TARGET = 12.4;
				MTL_ENABLE_DEBUG_INFO = NO;
				MTL_FAST_MATH = YES;
				SDKROOT = iphoneos;
				SWIFT_COMPILATION_MODE = wholemodule;
				SWIFT_OPTIMIZATION_LEVEL = "-O";
				VALIDATE_PRODUCT = YES;
			};
			name = Release;
		};
		307F3F7123DAB2700058FB15 /* Debug */ = {
			isa = XCBuildConfiguration;
			baseConfigurationReference = 785D6BCCC28839B6CC825B7A /* Pods-MIF50AppStore.debug.xcconfig */;
			buildSettings = {
				ASSETCATALOG_COMPILER_APPICON_NAME = AppIcon;
				CODE_SIGN_STYLE = Automatic;
				DEVELOPMENT_TEAM = GK4GDX3M3T;
				INFOPLIST_FILE = MIF50AppStore/Info.plist;
				LD_RUNPATH_SEARCH_PATHS = (
					"$(inherited)",
					"@executable_path/Frameworks",
				);
				PRODUCT_BUNDLE_IDENTIFIER = com.MIF50.MIF50AppStore;
				PRODUCT_NAME = "$(TARGET_NAME)";
				SWIFT_VERSION = 5.0;
				TARGETED_DEVICE_FAMILY = "1,2";
			};
			name = Debug;
		};
		307F3F7223DAB2700058FB15 /* Release */ = {
			isa = XCBuildConfiguration;
			baseConfigurationReference = 5E9E6815299DDA84CE7A1926 /* Pods-MIF50AppStore.release.xcconfig */;
			buildSettings = {
				ASSETCATALOG_COMPILER_APPICON_NAME = AppIcon;
				CODE_SIGN_STYLE = Automatic;
				DEVELOPMENT_TEAM = GK4GDX3M3T;
				INFOPLIST_FILE = MIF50AppStore/Info.plist;
				LD_RUNPATH_SEARCH_PATHS = (
					"$(inherited)",
					"@executable_path/Frameworks",
				);
				PRODUCT_BUNDLE_IDENTIFIER = com.MIF50.MIF50AppStore;
				PRODUCT_NAME = "$(TARGET_NAME)";
				SWIFT_VERSION = 5.0;
				TARGETED_DEVICE_FAMILY = "1,2";
			};
			name = Release;
		};
/* End XCBuildConfiguration section */

/* Begin XCConfigurationList section */
		307F3F5723DAB26F0058FB15 /* Build configuration list for PBXProject "MIF50AppStore" */ = {
			isa = XCConfigurationList;
			buildConfigurations = (
				307F3F6E23DAB2700058FB15 /* Debug */,
				307F3F6F23DAB2700058FB15 /* Release */,
			);
			defaultConfigurationIsVisible = 0;
			defaultConfigurationName = Release;
		};
		307F3F7023DAB2700058FB15 /* Build configuration list for PBXNativeTarget "MIF50AppStore" */ = {
			isa = XCConfigurationList;
			buildConfigurations = (
				307F3F7123DAB2700058FB15 /* Debug */,
				307F3F7223DAB2700058FB15 /* Release */,
			);
			defaultConfigurationIsVisible = 0;
			defaultConfigurationName = Release;
		};
/* End XCConfigurationList section */
	};
	rootObject = 307F3F5423DAB26F0058FB15 /* Project object */;
}
